
Microsoft Visual Studio Solution File, Format Version 11.00
# Visual Studio 2010
Project("{FAE04EC0-301F-11D3-BF4B-00C04F79EFBC}") = "SystemtrayApp", "SystemtrayApp\SystemtrayApp.csproj", "{589A6375-859A-429D-8387-25D9EC25989C}"
EndProject
Project("{FAE04EC0-301F-11D3-BF4B-00C04F79EFBC}") = "DesktopClient", "DesktopClient\DesktopClient.csproj", "{9A5633BB-8C8E-43D9-9C38-E9F0C6140CA7}"
EndProject
Project("{2150E333-8FDC-42A3-9474-1A3956D46DE8}") = "Solution Items", "Solution Items", "{D6F637B9-8B62-4201-B721-7B17F6B2F902}"
	ProjectSection(SolutionItems) = preProject
		Gyrfalcon.vsmdi = Gyrfalcon.vsmdi
		GyrfalconArchitectureByAssembly.dgml = GyrfalconArchitectureByAssembly.dgml
		GyrfalconArchitectureByNamespace.dgml = GyrfalconArchitectureByNamespace.dgml
		Local.testsettings = Local.testsettings
		TraceAndTestImpact.testsettings = TraceAndTestImpact.testsettings
	EndProjectSection
EndProject
Project("{2150E333-8FDC-42A3-9474-1A3956D46DE8}") = "ServerSide", "ServerSide", "{D8766BB9-5B17-4304-A1FF-9BB1F895026B}"
EndProject
Project("{2150E333-8FDC-42A3-9474-1A3956D46DE8}") = "ClientSide", "ClientSide", "{A2D6E9EA-5CAE-4892-9270-2CEFF91DF1FC}"
EndProject
Project("{FAE04EC0-301F-11D3-BF4B-00C04F79EFBC}") = "DesktopClient.Test", "DesktopClient.Test\DesktopClient.Test.csproj", "{CF678FE7-008B-4F86-B7E6-2C064CC84675}"
EndProject
Project("{F088123C-0E9E-452A-89E6-6BA2F21D5CAC}") = "ModelingProject", "ModelingProject\ModelingProject.modelproj", "{5BD559A8-F26D-42D4-BFF0-4A76B5A500BB}"
EndProject
Project("{FAE04EC0-301F-11D3-BF4B-00C04F79EFBC}") = "ReportApp", "ReportApp\ReportApp.csproj", "{D05A4EFB-AD82-40D1-910C-627DB8325376}"
EndProject
Project("{FAE04EC0-301F-11D3-BF4B-00C04F79EFBC}") = "ReportWebApp", "ReportWebApp\ReportWebApp.csproj", "{CF0A9A9E-7AC8-403C-B40B-FBA0E7F76BDF}"
EndProject
Project("{FAE04EC0-301F-11D3-BF4B-00C04F79EFBC}") = "GyrfalconService", "GyrfalconService\GyrfalconService.csproj", "{38BDF461-29BB-49B2-A114-A9CAD4A313CA}"
EndProject
Project("{FAE04EC0-301F-11D3-BF4B-00C04F79EFBC}") = "GyrfalconService.Test", "GyrfalconService.Test\GyrfalconService.Test.csproj", "{922389A6-8EE5-4C9A-BDE4-52C28C9FE4E5}"
EndProject
Project("{FAE04EC0-301F-11D3-BF4B-00C04F79EFBC}") = "MockDesktopClient", "MockDesktopClient\MockDesktopClient.csproj", "{09FDC597-8389-403C-B5E4-BA1C977C9722}"
EndProject
Global
	GlobalSection(TeamFoundationVersionControl) = preSolution
		SccNumberOfProjects = 10
		SccEnterpriseProvider = {4CA58AB2-18FA-4F8D-95D4-32DDF27D184C}
		SccTeamFoundationServer = https://tfs.codeplex.com/tfs/tfs25
		SccLocalPath0 = .
		SccProjectUniqueName1 = DesktopClient\\DesktopClient.csproj
		SccProjectTopLevelParentUniqueName1 = Gyrfalcon.sln
		SccProjectName1 = DesktopClient
		SccLocalPath1 = DesktopClient
		SccProjectUniqueName2 = SystemtrayApp\\SystemtrayApp.csproj
		SccProjectTopLevelParentUniqueName2 = Gyrfalcon.sln
		SccProjectName2 = SystemtrayApp
		SccLocalPath2 = SystemtrayApp
		SccProjectUniqueName3 = DesktopClient.Test\\DesktopClient.Test.csproj
		SccProjectTopLevelParentUniqueName3 = Gyrfalcon.sln
		SccProjectName3 = DesktopClient.Test
		SccLocalPath3 = DesktopClient.Test
		SccProjectUniqueName4 = ModelingProject\\ModelingProject.modelproj
		SccProjectName4 = ModelingProject
		SccLocalPath4 = ModelingProject
		SccProjectUniqueName5 = ReportApp\\ReportApp.csproj
		SccProjectTopLevelParentUniqueName5 = Gyrfalcon.sln
		SccProjectName5 = ReportApp
		SccLocalPath5 = ReportApp
		SccProjectUniqueName6 = ReportWebApp\\ReportWebApp.csproj
		SccProjectTopLevelParentUniqueName6 = Gyrfalcon.sln
		SccProjectName6 = ReportWebApp
		SccLocalPath6 = ReportWebApp
		SccProjectUniqueName7 = GyrfalconService\\GyrfalconService.csproj
		SccProjectTopLevelParentUniqueName7 = Gyrfalcon.sln
		SccProjectName7 = GyrfalconService
		SccLocalPath7 = GyrfalconService
		SccProjectUniqueName8 = GyrfalconService.Test\\GyrfalconService.Test.csproj
		SccProjectTopLevelParentUniqueName8 = Gyrfalcon.sln
		SccProjectName8 = GyrfalconService.Test
		SccLocalPath8 = GyrfalconService.Test
		SccProjectUniqueName9 = MockDesktopClient\\MockDesktopClient.csproj
		SccProjectTopLevelParentUniqueName9 = Gyrfalcon.sln
		SccProjectName9 = MockDesktopClient
		SccLocalPath9 = MockDesktopClient
	EndGlobalSection
	GlobalSection(TestCaseManagementSettings) = postSolution
		CategoryFile = Gyrfalcon.vsmdi
	EndGlobalSection
	GlobalSection(SolutionConfigurationPlatforms) = preSolution
		Debug|Any CPU = Debug|Any CPU
		Debug|Mixed Platforms = Debug|Mixed Platforms
		Debug|x86 = Debug|x86
		Release|Any CPU = Release|Any CPU
		Release|Mixed Platforms = Release|Mixed Platforms
		Release|x86 = Release|x86
	EndGlobalSection
	GlobalSection(ProjectConfigurationPlatforms) = postSolution
		{589A6375-859A-429D-8387-25D9EC25989C}.Debug|Any CPU.ActiveCfg = Debug|x86
		{589A6375-859A-429D-8387-25D9EC25989C}.Debug|Mixed Platforms.ActiveCfg = Debug|x86
		{589A6375-859A-429D-8387-25D9EC25989C}.Debug|Mixed Platforms.Build.0 = Debug|x86
		{589A6375-859A-429D-8387-25D9EC25989C}.Debug|x86.ActiveCfg = Debug|x86
		{589A6375-859A-429D-8387-25D9EC25989C}.Debug|x86.Build.0 = Debug|x86
		{589A6375-859A-429D-8387-25D9EC25989C}.Release|Any CPU.ActiveCfg = Release|x86
		{589A6375-859A-429D-8387-25D9EC25989C}.Release|Mixed Platforms.ActiveCfg = Release|x86
		{589A6375-859A-429D-8387-25D9EC25989C}.Release|Mixed Platforms.Build.0 = Release|x86
		{589A6375-859A-429D-8387-25D9EC25989C}.Release|x86.ActiveCfg = Release|x86
		{589A6375-859A-429D-8387-25D9EC25989C}.Release|x86.Build.0 = Release|x86
		{9A5633BB-8C8E-43D9-9C38-E9F0C6140CA7}.Debug|Any CPU.ActiveCfg = Debug|Any CPU
		{9A5633BB-8C8E-43D9-9C38-E9F0C6140CA7}.Debug|Any CPU.Build.0 = Debug|Any CPU
		{9A5633BB-8C8E-43D9-9C38-E9F0C6140CA7}.Debug|Mixed Platforms.ActiveCfg = Debug|Any CPU
		{9A5633BB-8C8E-43D9-9C38-E9F0C6140CA7}.Debug|Mixed Platforms.Build.0 = Debug|Any CPU
		{9A5633BB-8C8E-43D9-9C38-E9F0C6140CA7}.Debug|x86.ActiveCfg = Debug|Any CPU
		{9A5633BB-8C8E-43D9-9C38-E9F0C6140CA7}.Release|Any CPU.ActiveCfg = Release|Any CPU
		{9A5633BB-8C8E-43D9-9C38-E9F0C6140CA7}.Release|Any CPU.Build.0 = Release|Any CPU
		{9A5633BB-8C8E-43D9-9C38-E9F0C6140CA7}.Release|Mixed Platforms.ActiveCfg = Release|Any CPU
		{9A5633BB-8C8E-43D9-9C38-E9F0C6140CA7}.Release|Mixed Platforms.Build.0 = Release|Any CPU
		{9A5633BB-8C8E-43D9-9C38-E9F0C6140CA7}.Release|x86.ActiveCfg = Release|Any CPU
		{CF678FE7-008B-4F86-B7E6-2C064CC84675}.Debug|Any CPU.ActiveCfg = Debug|Any CPU
		{CF678FE7-008B-4F86-B7E6-2C064CC84675}.Debug|Any CPU.Build.0 = Debug|Any CPU
		{CF678FE7-008B-4F86-B7E6-2C064CC84675}.Debug|Mixed Platforms.ActiveCfg = Debug|Any CPU
		{CF678FE7-008B-4F86-B7E6-2C064CC84675}.Debug|Mixed Platforms.Build.0 = Debug|Any CPU
		{CF678FE7-008B-4F86-B7E6-2C064CC84675}.Debug|x86.ActiveCfg = Debug|Any CPU
		{CF678FE7-008B-4F86-B7E6-2C064CC84675}.Release|Any CPU.ActiveCfg = Release|Any CPU
		{CF678FE7-008B-4F86-B7E6-2C064CC84675}.Release|Any CPU.Build.0 = Release|Any CPU
		{CF678FE7-008B-4F86-B7E6-2C064CC84675}.Release|Mixed Platforms.ActiveCfg = Release|Any CPU
		{CF678FE7-008B-4F86-B7E6-2C064CC84675}.Release|Mixed Platforms.Build.0 = Release|Any CPU
		{CF678FE7-008B-4F86-B7E6-2C064CC84675}.Release|x86.ActiveCfg = Release|Any CPU
		{5BD559A8-F26D-42D4-BFF0-4A76B5A500BB}.Debug|Any CPU.ActiveCfg = Debug|Any CPU
		{5BD559A8-F26D-42D4-BFF0-4A76B5A500BB}.Debug|Any CPU.Build.0 = Debug|Any CPU
		{5BD559A8-F26D-42D4-BFF0-4A76B5A500BB}.Debug|Mixed Platforms.ActiveCfg = Debug|Any CPU
		{5BD559A8-F26D-42D4-BFF0-4A76B5A500BB}.Debug|Mixed Platforms.Build.0 = Debug|Any CPU
		{5BD559A8-F26D-42D4-BFF0-4A76B5A500BB}.Debug|x86.ActiveCfg = Debug|Any CPU
		{5BD559A8-F26D-42D4-BFF0-4A76B5A500BB}.Release|Any CPU.ActiveCfg = Release|Any CPU
		{5BD559A8-F26D-42D4-BFF0-4A76B5A500BB}.Release|Any CPU.Build.0 = Release|Any CPU
		{5BD559A8-F26D-42D4-BFF0-4A76B5A500BB}.Release|Mixed Platforms.ActiveCfg = Release|Any CPU
		{5BD559A8-F26D-42D4-BFF0-4A76B5A500BB}.Release|Mixed Platforms.Build.0 = Release|Any CPU
		{5BD559A8-F26D-42D4-BFF0-4A76B5A500BB}.Release|x86.ActiveCfg = Release|Any CPU
		{D05A4EFB-AD82-40D1-910C-627DB8325376}.Debug|Any CPU.ActiveCfg = Debug|x86
		{D05A4EFB-AD82-40D1-910C-627DB8325376}.Debug|Mixed Platforms.ActiveCfg = Debug|x86
		{D05A4EFB-AD82-40D1-910C-627DB8325376}.Debug|Mixed Platforms.Build.0 = Debug|x86
		{D05A4EFB-AD82-40D1-910C-627DB8325376}.Debug|x86.ActiveCfg = Debug|x86
		{D05A4EFB-AD82-40D1-910C-627DB8325376}.Debug|x86.Build.0 = Debug|x86
		{D05A4EFB-AD82-40D1-910C-627DB8325376}.Release|Any CPU.ActiveCfg = Release|x86
		{D05A4EFB-AD82-40D1-910C-627DB8325376}.Release|Mixed Platforms.ActiveCfg = Release|x86
		{D05A4EFB-AD82-40D1-910C-627DB8325376}.Release|Mixed Platforms.Build.0 = Release|x86
		{D05A4EFB-AD82-40D1-910C-627DB8325376}.Release|x86.ActiveCfg = Release|x86
		{D05A4EFB-AD82-40D1-910C-627DB8325376}.Release|x86.Build.0 = Release|x86
		{CF0A9A9E-7AC8-403C-B40B-FBA0E7F76BDF}.Debug|Any CPU.ActiveCfg = Debug|Any CPU
		{CF0A9A9E-7AC8-403C-B40B-FBA0E7F76BDF}.Debug|Any CPU.Build.0 = Debug|Any CPU
		{CF0A9A9E-7AC8-403C-B40B-FBA0E7F76BDF}.Debug|Mixed Platforms.ActiveCfg = Debug|Any CPU
		{CF0A9A9E-7AC8-403C-B40B-FBA0E7F76BDF}.Debug|Mixed Platforms.Build.0 = Debug|Any CPU
		{CF0A9A9E-7AC8-403C-B40B-FBA0E7F76BDF}.Debug|x86.ActiveCfg = Debug|Any CPU
		{CF0A9A9E-7AC8-403C-B40B-FBA0E7F76BDF}.Release|Any CPU.ActiveCfg = Release|Any CPU
		{CF0A9A9E-7AC8-403C-B40B-FBA0E7F76BDF}.Release|Any CPU.Build.0 = Release|Any CPU
		{CF0A9A9E-7AC8-403C-B40B-FBA0E7F76BDF}.Release|Mixed Platforms.ActiveCfg = Release|Any CPU
		{CF0A9A9E-7AC8-403C-B40B-FBA0E7F76BDF}.Release|Mixed Platforms.Build.0 = Release|Any CPU
		{CF0A9A9E-7AC8-403C-B40B-FBA0E7F76BDF}.Release|x86.ActiveCfg = Release|Any CPU
		{38BDF461-29BB-49B2-A114-A9CAD4A313CA}.Debug|Any CPU.ActiveCfg = Debug|Any CPU
		{38BDF461-29BB-49B2-A114-A9CAD4A313CA}.Debug|Any CPU.Build.0 = Debug|Any CPU
		{38BDF461-29BB-49B2-A114-A9CAD4A313CA}.Debug|Mixed Platforms.ActiveCfg = Debug|Any CPU
		{38BDF461-29BB-49B2-A114-A9CAD4A313CA}.Debug|Mixed Platforms.Build.0 = Debug|Any CPU
		{38BDF461-29BB-49B2-A114-A9CAD4A313CA}.Debug|x86.ActiveCfg = Debug|Any CPU
		{38BDF461-29BB-49B2-A114-A9CAD4A313CA}.Release|Any CPU.ActiveCfg = Release|Any CPU
		{38BDF461-29BB-49B2-A114-A9CAD4A313CA}.Release|Any CPU.Build.0 = Release|Any CPU
		{38BDF461-29BB-49B2-A114-A9CAD4A313CA}.Release|Mixed Platforms.ActiveCfg = Release|Any CPU
		{38BDF461-29BB-49B2-A114-A9CAD4A313CA}.Release|Mixed Platforms.Build.0 = Release|Any CPU
		{38BDF461-29BB-49B2-A114-A9CAD4A313CA}.Release|x86.ActiveCfg = Release|Any CPU
		{922389A6-8EE5-4C9A-BDE4-52C28C9FE4E5}.Debug|Any CPU.ActiveCfg = Debug|Any CPU
		{922389A6-8EE5-4C9A-BDE4-52C28C9FE4E5}.Debug|Any CPU.Build.0 = Debug|Any CPU
		{922389A6-8EE5-4C9A-BDE4-52C28C9FE4E5}.Debug|Mixed Platforms.ActiveCfg = Debug|Any CPU
		{922389A6-8EE5-4C9A-BDE4-52C28C9FE4E5}.Debug|Mixed Platforms.Build.0 = Debug|Any CPU
		{922389A6-8EE5-4C9A-BDE4-52C28C9FE4E5}.Debug|x86.ActiveCfg = Debug|Any CPU
		{922389A6-8EE5-4C9A-BDE4-52C28C9FE4E5}.Release|Any CPU.ActiveCfg = Release|Any CPU
		{922389A6-8EE5-4C9A-BDE4-52C28C9FE4E5}.Release|Any CPU.Build.0 = Release|Any CPU
		{922389A6-8EE5-4C9A-BDE4-52C28C9FE4E5}.Release|Mixed Platforms.ActiveCfg = Release|Any CPU
		{922389A6-8EE5-4C9A-BDE4-52C28C9FE4E5}.Release|Mixed Platforms.Build.0 = Release|Any CPU
		{922389A6-8EE5-4C9A-BDE4-52C28C9FE4E5}.Release|x86.ActiveCfg = Release|Any CPU
		{09FDC597-8389-403C-B5E4-BA1C977C9722}.Debug|Any CPU.ActiveCfg = Debug|Any CPU
		{09FDC597-8389-403C-B5E4-BA1C977C9722}.Debug|Any CPU.Build.0 = Debug|Any CPU
		{09FDC597-8389-403C-B5E4-BA1C977C9722}.Debug|Mixed Platforms.ActiveCfg = Debug|Any CPU
		{09FDC597-8389-403C-B5E4-BA1C977C9722}.Debug|Mixed Platforms.Build.0 = Debug|Any CPU
		{09FDC597-8389-403C-B5E4-BA1C977C9722}.Debug|x86.ActiveCfg = Debug|Any CPU
		{09FDC597-8389-403C-B5E4-BA1C977C9722}.Release|Any CPU.ActiveCfg = Release|Any CPU
		{09FDC597-8389-403C-B5E4-BA1C977C9722}.Release|Any CPU.Build.0 = Release|Any CPU
		{09FDC597-8389-403C-B5E4-BA1C977C9722}.Release|Mixed Platforms.ActiveCfg = Release|Any CPU
		{09FDC597-8389-403C-B5E4-BA1C977C9722}.Release|Mixed Platforms.Build.0 = Release|Any CPU
		{09FDC597-8389-403C-B5E4-BA1C977C9722}.Release|x86.ActiveCfg = Release|Any CPU
	EndGlobalSection
	GlobalSection(SolutionProperties) = preSolution
		HideSolutionNode = FALSE
	EndGlobalSection
	GlobalSection(NestedProjects) = preSolution
		{9A5633BB-8C8E-43D9-9C38-E9F0C6140CA7} = {A2D6E9EA-5CAE-4892-9270-2CEFF91DF1FC}
		{589A6375-859A-429D-8387-25D9EC25989C} = {A2D6E9EA-5CAE-4892-9270-2CEFF91DF1FC}
		{CF678FE7-008B-4F86-B7E6-2C064CC84675} = {A2D6E9EA-5CAE-4892-9270-2CEFF91DF1FC}
		{09FDC597-8389-403C-B5E4-BA1C977C9722} = {A2D6E9EA-5CAE-4892-9270-2CEFF91DF1FC}
		{D05A4EFB-AD82-40D1-910C-627DB8325376} = {D8766BB9-5B17-4304-A1FF-9BB1F895026B}
		{CF0A9A9E-7AC8-403C-B40B-FBA0E7F76BDF} = {D8766BB9-5B17-4304-A1FF-9BB1F895026B}
		{38BDF461-29BB-49B2-A114-A9CAD4A313CA} = {D8766BB9-5B17-4304-A1FF-9BB1F895026B}
		{922389A6-8EE5-4C9A-BDE4-52C28C9FE4E5} = {D8766BB9-5B17-4304-A1FF-9BB1F895026B}
	EndGlobalSection
EndGlobal
